// !$*UTF8*$!
{
	archiveVersion = 1;
	classes = {
	};
	objectVersion = 50;
	objects = {

/* Begin PBXBuildFile section */
		51771DBE26ED171A00A8186D /* AppDelegate.swift in Sources */ = {isa = PBXBuildFile; fileRef = 51771DBD26ED171A00A8186D /* AppDelegate.swift */; };
		51771DC026ED171A00A8186D /* SceneDelegate.swift in Sources */ = {isa = PBXBuildFile; fileRef = 51771DBF26ED171A00A8186D /* SceneDelegate.swift */; };
		51771DC226ED171A00A8186D /* HomeViewController.swift in Sources */ = {isa = PBXBuildFile; fileRef = 51771DC126ED171A00A8186D /* HomeViewController.swift */; };
		51771DC726ED171C00A8186D /* Assets.xcassets in Resources */ = {isa = PBXBuildFile; fileRef = 51771DC626ED171C00A8186D /* Assets.xcassets */; };
		51771DCA26ED171C00A8186D /* LaunchScreen.storyboard in Resources */ = {isa = PBXBuildFile; fileRef = 51771DC826ED171C00A8186D /* LaunchScreen.storyboard */; };
		51771DDE26ED253900A8186D /* PokemonElements.swift in Sources */ = {isa = PBXBuildFile; fileRef = 51771DDD26ED253900A8186D /* PokemonElements.swift */; };
		51771DE526ED32A900A8186D /* PokemonTableViewCell.swift in Sources */ = {isa = PBXBuildFile; fileRef = 51771DE426ED32A900A8186D /* PokemonTableViewCell.swift */; };
		51771DED26EFFBEE00A8186D /* DetailsViewController.swift in Sources */ = {isa = PBXBuildFile; fileRef = 51771DEC26EFFBEE00A8186D /* DetailsViewController.swift */; };
		51771DF026F0C2FC00A8186D /* PokemonDetails.swift in Sources */ = {isa = PBXBuildFile; fileRef = 51771DEF26F0C2FB00A8186D /* PokemonDetails.swift */; };
/* End PBXBuildFile section */

/* Begin PBXFileReference section */
		51771DBA26ED171A00A8186D /* Pokemon-Rawfish.app */ = {isa = PBXFileReference; explicitFileType = wrapper.application; includeInIndex = 0; path = "Pokemon-Rawfish.app"; sourceTree = BUILT_PRODUCTS_DIR; };
		51771DBD26ED171A00A8186D /* AppDelegate.swift */ = {isa = PBXFileReference; lastKnownFileType = sourcecode.swift; path = AppDelegate.swift; sourceTree = "<group>"; };
		51771DBF26ED171A00A8186D /* SceneDelegate.swift */ = {isa = PBXFileReference; lastKnownFileType = sourcecode.swift; path = SceneDelegate.swift; sourceTree = "<group>"; };
		51771DC126ED171A00A8186D /* HomeViewController.swift */ = {isa = PBXFileReference; lastKnownFileType = sourcecode.swift; path = HomeViewController.swift; sourceTree = "<group>"; };
		51771DC626ED171C00A8186D /* Assets.xcassets */ = {isa = PBXFileReference; lastKnownFileType = folder.assetcatalog; path = Assets.xcassets; sourceTree = "<group>"; };
		51771DC926ED171C00A8186D /* Base */ = {isa = PBXFileReference; lastKnownFileType = file.storyboard; name = Base; path = Base.lproj/LaunchScreen.storyboard; sourceTree = "<group>"; };
		51771DCB26ED171C00A8186D /* Info.plist */ = {isa = PBXFileReference; lastKnownFileType = text.plist.xml; path = Info.plist; sourceTree = "<group>"; };
		51771DDD26ED253900A8186D /* PokemonElements.swift */ = {isa = PBXFileReference; lastKnownFileType = sourcecode.swift; path = PokemonElements.swift; sourceTree = "<group>"; };
		51771DE426ED32A900A8186D /* PokemonTableViewCell.swift */ = {isa = PBXFileReference; lastKnownFileType = sourcecode.swift; path = PokemonTableViewCell.swift; sourceTree = "<group>"; };
		51771DEC26EFFBEE00A8186D /* DetailsViewController.swift */ = {isa = PBXFileReference; lastKnownFileType = sourcecode.swift; path = DetailsViewController.swift; sourceTree = "<group>"; };
		51771DEF26F0C2FB00A8186D /* PokemonDetails.swift */ = {isa = PBXFileReference; lastKnownFileType = sourcecode.swift; path = PokemonDetails.swift; sourceTree = "<group>"; };
/* End PBXFileReference section */

/* Begin PBXFrameworksBuildPhase section */
		51771DB726ED171A00A8186D /* Frameworks */ = {
			isa = PBXFrameworksBuildPhase;
			buildActionMask = 2147483647;
			files = (
			);
			runOnlyForDeploymentPostprocessing = 0;
		};
/* End PBXFrameworksBuildPhase section */

/* Begin PBXGroup section */
		51771DB126ED171A00A8186D = {
			isa = PBXGroup;
			children = (
				51771DBC26ED171A00A8186D /* Pokemon-Rawfish */,
				51771DBB26ED171A00A8186D /* Products */,
			);
			sourceTree = "<group>";
		};
		51771DBB26ED171A00A8186D /* Products */ = {
			isa = PBXGroup;
			children = (
				51771DBA26ED171A00A8186D /* Pokemon-Rawfish.app */,
			);
			name = Products;
			sourceTree = "<group>";
		};
		51771DBC26ED171A00A8186D /* Pokemon-Rawfish */ = {
			isa = PBXGroup;
			children = (
				51771DDC26ED24F100A8186D /* Models */,
				51771DDB26ED24E700A8186D /* Views */,
				51771DD926ED24BF00A8186D /* Delegates */,
				51771DC126ED171A00A8186D /* HomeViewController.swift */,
				51771DEC26EFFBEE00A8186D /* DetailsViewController.swift */,
				51771DC626ED171C00A8186D /* Assets.xcassets */,
				51771DC826ED171C00A8186D /* LaunchScreen.storyboard */,
				51771DCB26ED171C00A8186D /* Info.plist */,
			);
			path = "Pokemon-Rawfish";
			sourceTree = "<group>";
		};
		51771DD926ED24BF00A8186D /* Delegates */ = {
			isa = PBXGroup;
			children = (
				51771DBD26ED171A00A8186D /* AppDelegate.swift */,
				51771DBF26ED171A00A8186D /* SceneDelegate.swift */,
			);
			path = Delegates;
			sourceTree = "<group>";
		};
		51771DDB26ED24E700A8186D /* Views */ = {
			isa = PBXGroup;
			children = (
				51771DE426ED32A900A8186D /* PokemonTableViewCell.swift */,
			);
			path = Views;
			sourceTree = "<group>";
		};
		51771DDC26ED24F100A8186D /* Models */ = {
			isa = PBXGroup;
			children = (
				51771DDD26ED253900A8186D /* PokemonElements.swift */,
				51771DEF26F0C2FB00A8186D /* PokemonDetails.swift */,
			);
			path = Models;
			sourceTree = "<group>";
		};
/* End PBXGroup section */

/* Begin PBXNativeTarget section */
		51771DB926ED171A00A8186D /* Pokemon-Rawfish */ = {
			isa = PBXNativeTarget;
			buildConfigurationList = 51771DCE26ED171C00A8186D /* Build configuration list for PBXNativeTarget "Pokemon-Rawfish" */;
			buildPhases = (
				51771DB626ED171A00A8186D /* Sources */,
				51771DB726ED171A00A8186D /* Frameworks */,
				51771DB826ED171A00A8186D /* Resources */,
			);
			buildRules = (
			);
			dependencies = (
			);
			name = "Pokemon-Rawfish";
			productName = "Pokemon-Rawfish";
			productReference = 51771DBA26ED171A00A8186D /* Pokemon-Rawfish.app */;
			productType = "com.apple.product-type.application";
		};
/* End PBXNativeTarget section */

/* Begin PBXProject section */
		51771DB226ED171A00A8186D /* Project object */ = {
			isa = PBXProject;
			attributes = {
				LastSwiftUpdateCheck = 1240;
				LastUpgradeCheck = 1240;
				TargetAttributes = {
					51771DB926ED171A00A8186D = {
						CreatedOnToolsVersion = 12.4;
					};
				};
			};
			buildConfigurationList = 51771DB526ED171A00A8186D /* Build configuration list for PBXProject "Pokemon-Rawfish" */;
			compatibilityVersion = "Xcode 9.3";
			developmentRegion = en;
			hasScannedForEncodings = 0;
			knownRegions = (
				en,
				Base,
			);
			mainGroup = 51771DB126ED171A00A8186D;
			productRefGroup = 51771DBB26ED171A00A8186D /* Products */;
			projectDirPath = "";
			projectRoot = "";
			targets = (
				51771DB926ED171A00A8186D /* Pokemon-Rawfish */,
			);
		};
/* End PBXProject section */

/* Begin PBXResourcesBuildPhase section */
		51771DB826ED171A00A8186D /* Resources */ = {
			isa = PBXResourcesBuildPhase;
			buildActionMask = 2147483647;
			files = (
				51771DCA26ED171C00A8186D /* LaunchScreen.storyboard in Resources */,
				51771DC726ED171C00A8186D /* Assets.xcassets in Resources */,
			);
			runOnlyForDeploymentPostprocessing = 0;
		};
/* End PBXResourcesBuildPhase section */

/* Begin PBXSourcesBuildPhase section */
		51771DB626ED171A00A8186D /* Sources */ = {
			isa = PBXSourcesBuildPhase;
			buildActionMask = 2147483647;
			files = (
				51771DF026F0C2FC00A8186D /* PokemonDetails.swift in Sources */,
				51771DC226ED171A00A8186D /* HomeViewController.swift in Sources */,
				51771DBE26ED171A00A8186D /* AppDelegate.swift in Sources */,
				51771DDE26ED253900A8186D /* PokemonElements.swift in Sources */,
				51771DE526ED32A900A8186D /* PokemonTableViewCell.swift in Sources */,
				51771DC026ED171A00A8186D /* SceneDelegate.swift in Sources */,
				51771DED26EFFBEE00A8186D /* DetailsViewController.swift in Sources */,
			);
			runOnlyForDeploymentPostprocessing = 0;
		};
/* End PBXSourcesBuildPhase section */

/* Begin PBXVariantGroup section */
		51771DC826ED171C00A8186D /* LaunchScreen.storyboard */ = {
			isa = PBXVariantGroup;
			children = (
				51771DC926ED171C00A8186D /* Base */,
			);
			name = LaunchScreen.storyboard;
			sourceTree = "<group>";
		};
/* End PBXVariantGroup section */

/* Begin XCBuildConfiguration section */
		51771DCC26ED171C00A8186D /* Debug */ = {
			isa = XCBuildConfiguration;
			buildSettings = {
				ALWAYS_SEARCH_USER_PATHS = NO;
				CLANG_ANALYZER_NONNULL = YES;
				CLANG_ANALYZER_NUMBER_OBJECT_CONVERSION = YES_AGGRESSIVE;
				CLANG_CXX_LANGUAGE_STANDARD = "gnu++14";
				CLANG_CXX_LIBRARY = "libc++";
				CLANG_ENABLE_MODULES = YES;
				CLANG_ENABLE_OBJC_ARC = YES;
				CLANG_ENABLE_OBJC_WEAK = YES;
				CLANG_WARN_BLOCK_CAPTURE_AUTORELEASING = YES;
				CLANG_WARN_BOOL_CONVERSION = YES;
				CLANG_WARN_COMMA = YES;
				CLANG_WARN_CONSTANT_CONVERSION = YES;
				CLANG_WARN_DEPRECATED_OBJC_IMPLEMENTATIONS = YES;
				CLANG_WARN_DIRECT_OBJC_ISA_USAGE = YES_ERROR;
				CLANG_WARN_DOCUMENTATION_COMMENTS = YES;
				CLANG_WARN_EMPTY_BODY = YES;
				CLANG_WARN_ENUM_CONVERSION = YES;
				CLANG_WARN_INFINITE_RECURSION = YES;
				CLANG_WARN_INT_CONVERSION = YES;
				CLANG_WARN_NON_LITERAL_NULL_CONVERSION = YES;
				CLANG_WARN_OBJC_IMPLICIT_RETAIN_SELF = YES;
				CLANG_WARN_OBJC_LITERAL_CONVERSION = YES;
				CLANG_WARN_OBJC_ROOT_CLASS = YES_ERROR;
				CLANG_WARN_QUOTED_INCLUDE_IN_FRAMEWORK_HEADER = YES;
				CLANG_WARN_RANGE_LOOP_ANALYSIS = YES;
				CLANG_WARN_STRICT_PROTOTYPES = YES;
				CLANG_WARN_SUSPICIOUS_MOVE = YES;
				CLANG_WARN_UNGUARDED_AVAILABILITY = YES_AGGRESSIVE;
				CLANG_WARN_UNREACHABLE_CODE = YES;
				CLANG_WARN__DUPLICATE_METHOD_MATCH = YES;
				COPY_PHASE_STRIP = NO;
				DEBUG_INFORMATION_FORMAT = dwarf;
				ENABLE_STRICT_OBJC_MSGSEND = YES;
				ENABLE_TESTABILITY = YES;
				GCC_C_LANGUAGE_STANDARD = gnu11;
				GCC_DYNAMIC_NO_PIC = NO;
				GCC_NO_COMMON_BLOCKS = YES;
				GCC_OPTIMIZATION_LEVEL = 0;
				GCC_PREPROCESSOR_DEFINITIONS = (
					"DEBUG=1",
					"$(inherited)",
				);
				GCC_WARN_64_TO_32_BIT_CONVERSION = YES;
				GCC_WARN_ABOUT_RETURN_TYPE = YES_ERROR;
				GCC_WARN_UNDECLARED_SELECTOR = YES;
				GCC_WARN_UNINITIALIZED_AUTOS = YES_AGGRESSIVE;
				GCC_WARN_UNUSED_FUNCTION = YES;
				GCC_WARN_UNUSED_VARIABLE = YES;
				IPHONEOS_DEPLOYMENT_TARGET = 14.4;
				MTL_ENABLE_DEBUG_INFO = INCLUDE_SOURCE;
				MTL_FAST_MATH = YES;
				ONLY_ACTIVE_ARCH = YES;
				SDKROOT = iphoneos;
				SWIFT_ACTIVE_COMPILATION_CONDITIONS = DEBUG;
				SWIFT_OPTIMIZATION_LEVEL = "-Onone";
			};
			name = Debug;
		};
		51771DCD26ED171C00A8186D /* Release */ = {
			isa = XCBuildConfiguration;
			buildSettings = {
				ALWAYS_SEARCH_USER_PATHS = NO;
				CLANG_ANALYZER_NONNULL = YES;
				CLANG_ANALYZER_NUMBER_OBJECT_CONVERSION = YES_AGGRESSIVE;
				CLANG_CXX_LANGUAGE_STANDARD = "gnu++14";
				CLANG_CXX_LIBRARY = "libc++";
				CLANG_ENABLE_MODULES = YES;
				CLANG_ENABLE_OBJC_ARC = YES;
				CLANG_ENABLE_OBJC_WEAK = YES;
				CLANG_WARN_BLOCK_CAPTURE_AUTORELEASING = YES;
				CLANG_WARN_BOOL_CONVERSION = YES;
				CLANG_WARN_COMMA = YES;
				CLANG_WARN_CONSTANT_CONVERSION = YES;
				CLANG_WARN_DEPRECATED_OBJC_IMPLEMENTATIONS = YES;
				CLANG_WARN_DIRECT_OBJC_ISA_USAGE = YES_ERROR;
				CLANG_WARN_DOCUMENTATION_COMMENTS = YES;
				CLANG_WARN_EMPTY_BODY = YES;
				CLANG_WARN_ENUM_CONVERSION = YES;
				CLANG_WARN_INFINITE_RECURSION = YES;
				CLANG_WARN_INT_CONVERSION = YES;
				CLANG_WARN_NON_LITERAL_NULL_CONVERSION = YES;
				CLANG_WARN_OBJC_IMPLICIT_RETAIN_SELF = YES;
				CLANG_WARN_OBJC_LITERAL_CONVERSION = YES;
				CLANG_WARN_OBJC_ROOT_CLASS = YES_ERROR;
				CLANG_WARN_QUOTED_INCLUDE_IN_FRAMEWORK_HEADER = YES;
				CLANG_WARN_RANGE_LOOP_ANALYSIS = YES;
				CLANG_WARN_STRICT_PROTOTYPES = YES;
				CLANG_WARN_SUSPICIOUS_MOVE = YES;
				CLANG_WARN_UNGUARDED_AVAILABILITY = YES_AGGRESSIVE;
				CLANG_WARN_UNREACHABLE_CODE = YES;
				CLANG_WARN__DUPLICATE_METHOD_MATCH = YES;
				COPY_PHASE_STRIP = NO;
				DEBUG_INFORMATION_FORMAT = "dwarf-with-dsym";
				ENABLE_NS_ASSERTIONS = NO;
				ENABLE_STRICT_OBJC_MSGSEND = YES;
				GCC_C_LANGUAGE_STANDARD = gnu11;
				GCC_NO_COMMON_BLOCKS = YES;
				GCC_WARN_64_TO_32_BIT_CONVERSION = YES;
				GCC_WARN_ABOUT_RETURN_TYPE = YES_ERROR;
				GCC_WARN_UNDECLARED_SELECTOR = YES;
				GCC_WARN_UNINITIALIZED_AUTOS = YES_AGGRESSIVE;
				GCC_WARN_UNUSED_FUNCTION = YES;
				GCC_WARN_UNUSED_VARIABLE = YES;
				IPHONEOS_DEPLOYMENT_TARGET = 14.4;
				MTL_ENABLE_DEBUG_INFO = NO;
				MTL_FAST_MATH = YES;
				SDKROOT = iphoneos;
				SWIFT_COMPILATION_MODE = wholemodule;
				SWIFT_OPTIMIZATION_LEVEL = "-O";
				VALIDATE_PRODUCT = YES;
			};
			name = Release;
		};
		51771DCF26ED171C00A8186D /* Debug */ = {
			isa = XCBuildConfiguration;
			buildSettings = {
				ASSETCATALOG_COMPILER_APPICON_NAME = AppIcon;
				ASSETCATALOG_COMPILER_GLOBAL_ACCENT_COLOR_NAME = AccentColor;
				CODE_SIGN_STYLE = Automatic;
				DEVELOPMENT_TEAM = JEA464R55J;
				INFOPLIST_FILE = "Pokemon-Rawfish/Info.plist";
				LD_RUNPATH_SEARCH_PATHS = (
					"$(inherited)",
					"@executable_path/Frameworks",
				);
				PRODUCT_BUNDLE_IDENTIFIER = "Rawfish.Pokemon-Rawfish";
				PRODUCT_NAME = "$(TARGET_NAME)";
				SWIFT_VERSION = 5.0;
				TARGETED_DEVICE_FAMILY = "1,2";
			};
			name = Debug;
		};
		51771DD026ED171C00A8186D /* Release */ = {
			isa = XCBuildConfiguration;
			buildSettings = {
				ASSETCATALOG_COMPILER_APPICON_NAME = AppIcon;
				ASSETCATALOG_COMPILER_GLOBAL_ACCENT_COLOR_NAME = AccentColor;
				CODE_SIGN_STYLE = Automatic;
				DEVELOPMENT_TEAM = JEA464R55J;
				INFOPLIST_FILE = "Pokemon-Rawfish/Info.plist";
				LD_RUNPATH_SEARCH_PATHS = (
					"$(inherited)",
					"@executable_path/Frameworks",
				);
				PRODUCT_BUNDLE_IDENTIFIER = "Rawfish.Pokemon-Rawfish";
				PRODUCT_NAME = "$(TARGET_NAME)";
				SWIFT_VERSION = 5.0;
				TARGETED_DEVICE_FAMILY = "1,2";
			};
			name = Release;
		};
/* End XCBuildConfiguration section */

/* Begin XCConfigurationList section */
		51771DB526ED171A00A8186D /* Build configuration list for PBXProject "Pokemon-Rawfish" */ = {
			isa = XCConfigurationList;
			buildConfigurations = (
				51771DCC26ED171C00A8186D /* Debug */,
				51771DCD26ED171C00A8186D /* Release */,
			);
			defaultConfigurationIsVisible = 0;
			defaultConfigurationName = Release;
		};
		51771DCE26ED171C00A8186D /* Build configuration list for PBXNativeTarget "Pokemon-Rawfish" */ = {
			isa = XCConfigurationList;
			buildConfigurations = (
				51771DCF26ED171C00A8186D /* Debug */,
				51771DD026ED171C00A8186D /* Release */,
			);
			defaultConfigurationIsVisible = 0;
			defaultConfigurationName = Release;
		};
/* End XCConfigurationList section */
	};
	rootObject = 51771DB226ED171A00A8186D /* Project object */;
}
